
Microsoft Visual Studio Solution File, Format Version 12.00
# Visual Studio Version 16
VisualStudioVersion = 16.0.32407.337
MinimumVisualStudioVersion = 10.0.40219.1
Project("{9A19103F-16F7-4668-BE54-9A1E7A4F7556}") = "asp.net web api", "asp.net web api\asp.net web api.csproj", "{8E72A846-906D-46E1-A22D-FE08E33D06F1}"
EndProject
Global
	GlobalSection(SolutionConfigurationPlatforms) = preSolution
		Debug|Any CPU = Debug|Any CPU
		Release|Any CPU = Release|Any CPU
	EndGlobalSection
	GlobalSection(ProjectConfigurationPlatforms) = postSolution
		{8E72A846-906D-46E1-A22D-FE08E33D06F1}.Debug|Any CPU.ActiveCfg = Debug|Any CPU
		{8E72A846-906D-46E1-A22D-FE08E33D06F1}.Debug|Any CPU.Build.0 = Debug|Any CPU
		{8E72A846-906D-46E1-A22D-FE08E33D06F1}.Release|Any CPU.ActiveCfg = Release|Any CPU
		{8E72A846-906D-46E1-A22D-FE08E33D06F1}.Release|Any CPU.Build.0 = Release|Any CPU
	EndGlobalSection
	GlobalSection(SolutionProperties) = preSolution
		HideSolutionNode = FALSE
	EndGlobalSection
	GlobalSection(ExtensibilityGlobals) = postSolution
		SolutionGuid = {6BC1C849-A20E-45B9-9AA3-D1B6FAADF798}
	EndGlobalSection
EndGlobal
